
Microsoft Visual Studio Solution File, Format Version 12.00
# Visual Studio Version 17
VisualStudioVersion = 17.8.34330.188
MinimumVisualStudioVersion = 10.0.40219.1
Project("{FAE04EC0-301F-11D3-BF4B-00C04F79EFBC}") = "gdReshade_demo", "gdReshade_demo.csproj", "{0E2F3FD7-D1E2-487A-9DAC-A609C7125CA9}"
EndProject
Global
	GlobalSection(SolutionConfigurationPlatforms) = preSolution
		Debug|Any CPU = Debug|Any CPU
		ExportDebug|Any CPU = ExportDebug|Any CPU
		ExportRelease|Any CPU = ExportRelease|Any CPU
	EndGlobalSection
	GlobalSection(ProjectConfigurationPlatforms) = postSolution
		{0E2F3FD7-D1E2-487A-9DAC-A609C7125CA9}.Debug|Any CPU.ActiveCfg = Debug|Any CPU
		{0E2F3FD7-D1E2-487A-9DAC-A609C7125CA9}.Debug|Any CPU.Build.0 = Debug|Any CPU
		{0E2F3FD7-D1E2-487A-9DAC-A609C7125CA9}.ExportDebug|Any CPU.ActiveCfg = ExportDebug|Any CPU
		{0E2F3FD7-D1E2-487A-9DAC-A609C7125CA9}.ExportDebug|Any CPU.Build.0 = ExportDebug|Any CPU
		{0E2F3FD7-D1E2-487A-9DAC-A609C7125CA9}.ExportRelease|Any CPU.ActiveCfg = ExportRelease|Any CPU
		{0E2F3FD7-D1E2-487A-9DAC-A609C7125CA9}.ExportRelease|Any CPU.Build.0 = ExportRelease|Any CPU
	EndGlobalSection
	GlobalSection(SolutionProperties) = preSolution
		HideSolutionNode = FALSE
	EndGlobalSection
	GlobalSection(ExtensibilityGlobals) = postSolution
		SolutionGuid = {4F426A55-379F-47D7-9B96-685055371F9D}
	EndGlobalSection
EndGlobal
